
Microsoft Visual Studio Solution File, Format Version 12.00
# Visual Studio Version 17
VisualStudioVersion = 17.0.31903.59
MinimumVisualStudioVersion = 10.0.40219.1
Project("{FAE04EC0-301F-11D3-BF4B-00C04F79EFBC}") = "PupaLib.FileIO.Tests", "PupaLib.FileIO.Tests\PupaLib.FileIO.Tests.csproj", "{D7B477B6-9278-4E32-BCE1-0452BEE93E39}"
EndProject
Project("{FAE04EC0-301F-11D3-BF4B-00C04F79EFBC}") = "PupaLib.FileIO.Example", "PupaLib.FileIO.Example\PupaLib.FileIO.Example.csproj", "{F3722E48-5294-47DA-B5DF-41056C069957}"
EndProject
Project("{FAE04EC0-301F-11D3-BF4B-00C04F79EFBC}") = "PupaLib.FileIO", "PupaLib.FileIO\PupaLib.FileIO.csproj", "{EEB144C0-9DA9-48F5-B8EA-9CDE139FAF70}"
EndProject
Global
	GlobalSection(SolutionConfigurationPlatforms) = preSolution
		Debug|Any CPU = Debug|Any CPU
		Release|Any CPU = Release|Any CPU
	EndGlobalSection
	GlobalSection(SolutionProperties) = preSolution
		HideSolutionNode = FALSE
	EndGlobalSection
	GlobalSection(ProjectConfigurationPlatforms) = postSolution
		{D7B477B6-9278-4E32-BCE1-0452BEE93E39}.Debug|Any CPU.ActiveCfg = Debug|Any CPU
		{D7B477B6-9278-4E32-BCE1-0452BEE93E39}.Debug|Any CPU.Build.0 = Debug|Any CPU
		{D7B477B6-9278-4E32-BCE1-0452BEE93E39}.Release|Any CPU.ActiveCfg = Release|Any CPU
		{D7B477B6-9278-4E32-BCE1-0452BEE93E39}.Release|Any CPU.Build.0 = Release|Any CPU
		{F3722E48-5294-47DA-B5DF-41056C069957}.Debug|Any CPU.ActiveCfg = Debug|Any CPU
		{F3722E48-5294-47DA-B5DF-41056C069957}.Debug|Any CPU.Build.0 = Debug|Any CPU
		{F3722E48-5294-47DA-B5DF-41056C069957}.Release|Any CPU.ActiveCfg = Release|Any CPU
		{F3722E48-5294-47DA-B5DF-41056C069957}.Release|Any CPU.Build.0 = Release|Any CPU
		{EEB144C0-9DA9-48F5-B8EA-9CDE139FAF70}.Debug|Any CPU.ActiveCfg = Debug|Any CPU
		{EEB144C0-9DA9-48F5-B8EA-9CDE139FAF70}.Debug|Any CPU.Build.0 = Debug|Any CPU
		{EEB144C0-9DA9-48F5-B8EA-9CDE139FAF70}.Release|Any CPU.ActiveCfg = Release|Any CPU
		{EEB144C0-9DA9-48F5-B8EA-9CDE139FAF70}.Release|Any CPU.Build.0 = Release|Any CPU
	EndGlobalSection
EndGlobal
